
Microsoft Visual Studio Solution File, Format Version 12.00
# Visual Studio Version 16
VisualStudioVersion = 16.0.31025.194
MinimumVisualStudioVersion = 10.0.40219.1
Project("{FAE04EC0-301F-11D3-BF4B-00C04F79EFBC}") = "Lake-of-the-Humber", "Lake-of-the-Humber\Lake-of-the-Humber.csproj", "{5FC1BCA2-226E-4DF8-88F8-03AA0793E4A8}"
EndProject
Global
	GlobalSection(SolutionConfigurationPlatforms) = preSolution
		Debug|Any CPU = Debug|Any CPU
		Release|Any CPU = Release|Any CPU
	EndGlobalSection
	GlobalSection(ProjectConfigurationPlatforms) = postSolution
		{5FC1BCA2-226E-4DF8-88F8-03AA0793E4A8}.Debug|Any CPU.ActiveCfg = Debug|Any CPU
		{5FC1BCA2-226E-4DF8-88F8-03AA0793E4A8}.Debug|Any CPU.Build.0 = Debug|Any CPU
		{5FC1BCA2-226E-4DF8-88F8-03AA0793E4A8}.Release|Any CPU.ActiveCfg = Release|Any CPU
		{5FC1BCA2-226E-4DF8-88F8-03AA0793E4A8}.Release|Any CPU.Build.0 = Release|Any CPU
	EndGlobalSection
	GlobalSection(SolutionProperties) = preSolution
		HideSolutionNode = FALSE
	EndGlobalSection
	GlobalSection(ExtensibilityGlobals) = postSolution
		SolutionGuid = {1F809D84-5A6F-49B7-8300-9835FC37873B}
	EndGlobalSection
EndGlobal
